{
  "name": "slate-sdf-terrain",
  "version": "1.0.0",
  "lockfileVersion": 3,
  "requires": true,
  "packages": {
    "": {
      "name": "slate-sdf-terrain",
      "version": "1.0.0",
      "devDependencies": {
        "@forgeax/engine-wgpu-wasm": "0.1.28"
      }
    },
    "node_modules/@forgeax/engine-wgpu-wasm": {
      "version": "0.1.28",
      "resolved": "https://registry.npmjs.org/@forgeax/engine-wgpu-wasm/-/engine-wgpu-wasm-0.1.28.tgz",
      "integrity": "sha512-M/1KExiSN7aavGgjJ+0XfljE/v/HLU042v6tG6SQ5RC4/SmkXTexMde1Nev85pImdtDg4yp4QOV9pLr+2F24Ig==",
      "dev": true,
      "hasInstallScript": true,
      "license": "Apache-2.0"
    }
  }
}
